<?xml version="1.0" encoding="utf-8"?>
<Project ToolsVersion="4.0" xmlns="http://schemas.microsoft.com/developer/msbuild/2003">
  <ItemGroup>
    <Filter Include="Source Files">
      <UniqueIdentifier>{4FC737F1-C7A5-4376-A066-2A32D752A2FF}</UniqueIdentifier>
      <Extensions>cpp;cxx;c;def</Extensions>
    </Filter>
    <Filter Include="Header Files">
      <UniqueIdentifier>{93995380-89BD-4b04-88EB-625FBE52EBFB}</UniqueIdentifier>
      <Extensions>h</Extensions>
    </Filter>
    <Filter Include="Form Files">
      <UniqueIdentifier>{99349809-55BA-4b9d-BF79-8FDBB0286EB3}</UniqueIdentifier>
      <Extensions>ui</Extensions>
    </Filter>
    <Filter Include="Resource Files">
      <UniqueIdentifier>{D9D6E242-F8AF-46E4-B9FD-80ECBC20BA3E}</UniqueIdentifier>
      <Extensions>qrc;*</Extensions>
      <ParseFiles>false</ParseFiles>
    </Filter>
    <Filter Include="Generated Files">
      <UniqueIdentifier>{71ED8ED8-ACB9-4CE9-BBE1-E00B30144E11}</UniqueIdentifier>
      <Extensions>moc;h;cpp</Extensions>
      <SourceControlFiles>False</SourceControlFiles>
    </Filter>
    <Filter Include="Generated Files\Debug">
      <UniqueIdentifier>{ba6a7c33-5623-441d-86fb-c816100787ac}</UniqueIdentifier>
      <Extensions>cpp;moc</Extensions>
      <SourceControlFiles>False</SourceControlFiles>
    </Filter>
    <Filter Include="Generated Files\Release">
      <UniqueIdentifier>{8d52e8a8-1a10-4883-b3e4-1153fa60ed31}</UniqueIdentifier>
      <Extensions>cpp;moc</Extensions>
      <SourceControlFiles>False</SourceControlFiles>
    </Filter>
  </ItemGroup>
  <ItemGroup>
    <ClCompile Include="main.cpp">
      <Filter>Source Files</Filter>
    </ClCompile>
    <ClCompile Include="lms.cpp">
      <Filter>Source Files</Filter>
    </ClCompile>
    <ClCompile Include="GeneratedFiles\Debug\moc_lms.cpp">
      <Filter>Generated Files\Debug</Filter>
    </ClCompile>
    <ClCompile Include="GeneratedFiles\Release\moc_lms.cpp">
      <Filter>Generated Files\Release</Filter>
    </ClCompile>
    <ClCompile Include="GeneratedFiles\qrc_lms.cpp">
      <Filter>Generated Files</Filter>
    </ClCompile>
    <ClCompile Include="signup.cpp">
      <Filter>Source Files</Filter>
    </ClCompile>
    <ClCompile Include="GeneratedFiles\Debug\moc_signup.cpp">
      <Filter>Generated Files\Debug</Filter>
    </ClCompile>
    <ClCompile Include="GeneratedFiles\Release\moc_signup.cpp">
      <Filter>Generated Files\Release</Filter>
    </ClCompile>
    <ClCompile Include="Person.cpp">
      <Filter>Source Files</Filter>
    </ClCompile>
    <ClCompile Include="Admin.cpp">
      <Filter>Source Files</Filter>
    </ClCompile>
    <ClCompile Include="Teacher.cpp">
      <Filter>Source Files</Filter>
    </ClCompile>
    <ClCompile Include="Student.cpp">
      <Filter>Source Files</Filter>
    </ClCompile>
    <ClCompile Include="DAL.cpp">
      <Filter>Source Files</Filter>
    </ClCompile>
    <ClCompile Include="LMSsystem.cpp">
      <Filter>Source Files</Filter>
    </ClCompile>
    <ClCompile Include="studentprofile.cpp">
      <Filter>Source Files</Filter>
    </ClCompile>
    <ClCompile Include="GeneratedFiles\Debug\moc_studentprofile.cpp">
      <Filter>Generated Files\Debug</Filter>
    </ClCompile>
    <ClCompile Include="GeneratedFiles\Release\moc_studentprofile.cpp">
      <Filter>Generated Files\Release</Filter>
    </ClCompile>
    <ClCompile Include="adminprofile.cpp">
      <Filter>Source Files</Filter>
    </ClCompile>
    <ClCompile Include="GeneratedFiles\Debug\moc_adminprofile.cpp">
      <Filter>Generated Files\Debug</Filter>
    </ClCompile>
    <ClCompile Include="GeneratedFiles\Release\moc_adminprofile.cpp">
      <Filter>Generated Files\Release</Filter>
    </ClCompile>
    <ClCompile Include="teacherprofile.cpp">
      <Filter>Source Files</Filter>
    </ClCompile>
    <ClCompile Include="GeneratedFiles\Debug\moc_teacherprofile.cpp">
      <Filter>Generated Files\Debug</Filter>
    </ClCompile>
    <ClCompile Include="GeneratedFiles\Release\moc_teacherprofile.cpp">
      <Filter>Generated Files\Release</Filter>
    </ClCompile>
    <ClCompile Include="changepassword.cpp">
      <Filter>Source Files</Filter>
    </ClCompile>
    <ClCompile Include="GeneratedFiles\Debug\moc_changepassword.cpp">
      <Filter>Generated Files\Debug</Filter>
    </ClCompile>
    <ClCompile Include="GeneratedFiles\Release\moc_changepassword.cpp">
      <Filter>Generated Files\Release</Filter>
    </ClCompile>
    <ClCompile Include="editprofilen.cpp">
      <Filter>Source Files</Filter>
    </ClCompile>
    <ClCompile Include="GeneratedFiles\Debug\moc_editprofilen.cpp">
      <Filter>Generated Files\Debug</Filter>
    </ClCompile>
    <ClCompile Include="GeneratedFiles\Release\moc_editprofilen.cpp">
      <Filter>Generated Files\Release</Filter>
    </ClCompile>
    <ClCompile Include="addteacher.cpp">
      <Filter>Source Files</Filter>
    </ClCompile>
    <ClCompile Include="GeneratedFiles\Debug\moc_addteacher.cpp">
      <Filter>Generated Files\Debug</Filter>
    </ClCompile>
    <ClCompile Include="GeneratedFiles\Release\moc_addteacher.cpp">
      <Filter>Generated Files\Release</Filter>
    </ClCompile>
    <ClCompile Include="viewteachers.cpp">
      <Filter>Source Files</Filter>
    </ClCompile>
    <ClCompile Include="GeneratedFiles\Debug\moc_viewteachers.cpp">
      <Filter>Generated Files\Debug</Filter>
    </ClCompile>
    <ClCompile Include="GeneratedFiles\Release\moc_viewteachers.cpp">
      <Filter>Generated Files\Release</Filter>
    </ClCompile>
    <ClCompile Include="viewstudents.cpp">
      <Filter>Source Files</Filter>
    </ClCompile>
    <ClCompile Include="GeneratedFiles\Debug\moc_viewstudents.cpp">
      <Filter>Generated Files\Debug</Filter>
    </ClCompile>
    <ClCompile Include="GeneratedFiles\Release\moc_viewstudents.cpp">
      <Filter>Generated Files\Release</Filter>
    </ClCompile>
    <ClCompile Include="question.cpp">
      <Filter>Source Files</Filter>
    </ClCompile>
    <ClCompile Include="course.cpp">
      <Filter>Source Files</Filter>
    </ClCompile>
    <ClCompile Include="test.cpp">
      <Filter>Source Files</Filter>
    </ClCompile>
    <ClCompile Include="answer.cpp">
      <Filter>Source Files</Filter>
    </ClCompile>
    <ClCompile Include="addcourse.cpp">
      <Filter>Source Files</Filter>
    </ClCompile>
    <ClCompile Include="GeneratedFiles\Debug\moc_addcourse.cpp">
      <Filter>Generated Files\Debug</Filter>
    </ClCompile>
    <ClCompile Include="GeneratedFiles\Release\moc_addcourse.cpp">
      <Filter>Generated Files\Release</Filter>
    </ClCompile>
    <ClCompile Include="dropcourse.cpp">
      <Filter>Source Files</Filter>
    </ClCompile>
    <ClCompile Include="GeneratedFiles\Debug\moc_dropcourse.cpp">
      <Filter>Generated Files\Debug</Filter>
    </ClCompile>
    <ClCompile Include="GeneratedFiles\Release\moc_dropcourse.cpp">
      <Filter>Generated Files\Release</Filter>
    </ClCompile>
    <ClCompile Include="selectcourse.cpp">
      <Filter>Source Files</Filter>
    </ClCompile>
    <ClCompile Include="GeneratedFiles\Debug\moc_selectcourse.cpp">
      <Filter>Generated Files\Debug</Filter>
    </ClCompile>
    <ClCompile Include="GeneratedFiles\Release\moc_selectcourse.cpp">
      <Filter>Generated Files\Release</Filter>
    </ClCompile>
    <ClCompile Include="setteststart.cpp">
      <Filter>Source Files</Filter>
    </ClCompile>
    <ClCompile Include="GeneratedFiles\Debug\moc_setteststart.cpp">
      <Filter>Generated Files\Debug</Filter>
    </ClCompile>
    <ClCompile Include="GeneratedFiles\Release\moc_setteststart.cpp">
      <Filter>Generated Files\Release</Filter>
    </ClCompile>
    <ClCompile Include="nextquestion.cpp">
      <Filter>Source Files</Filter>
    </ClCompile>
    <ClCompile Include="GeneratedFiles\Debug\moc_nextquestion.cpp">
      <Filter>Generated Files\Debug</Filter>
    </ClCompile>
    <ClCompile Include="GeneratedFiles\Release\moc_nextquestion.cpp">
      <Filter>Generated Files\Release</Filter>
    </ClCompile>
    <ClCompile Include="selecttest.cpp">
      <Filter>Source Files</Filter>
    </ClCompile>
    <ClCompile Include="GeneratedFiles\Debug\moc_selecttest.cpp">
      <Filter>Generated Files\Debug</Filter>
    </ClCompile>
    <ClCompile Include="GeneratedFiles\Release\moc_selecttest.cpp">
      <Filter>Generated Files\Release</Filter>
    </ClCompile>
    <ClCompile Include="addquestion.cpp">
      <Filter>Source Files</Filter>
    </ClCompile>
    <ClCompile Include="GeneratedFiles\Debug\moc_addquestion.cpp">
      <Filter>Generated Files\Debug</Filter>
    </ClCompile>
    <ClCompile Include="GeneratedFiles\Release\moc_addquestion.cpp">
      <Filter>Generated Files\Release</Filter>
    </ClCompile>
    <ClCompile Include="edittest.cpp">
      <Filter>Source Files</Filter>
    </ClCompile>
    <ClCompile Include="GeneratedFiles\Debug\moc_edittest.cpp">
      <Filter>Generated Files\Debug</Filter>
    </ClCompile>
    <ClCompile Include="GeneratedFiles\Release\moc_edittest.cpp">
      <Filter>Generated Files\Release</Filter>
    </ClCompile>
    <ClCompile Include="editnextquestion.cpp">
      <Filter>Source Files</Filter>
    </ClCompile>
    <ClCompile Include="GeneratedFiles\Debug\moc_editnextquestion.cpp">
      <Filter>Generated Files\Debug</Filter>
    </ClCompile>
    <ClCompile Include="GeneratedFiles\Release\moc_editnextquestion.cpp">
      <Filter>Generated Files\Release</Filter>
    </ClCompile>
    <ClCompile Include="takequiz.cpp">
      <Filter>Source Files</Filter>
    </ClCompile>
    <ClCompile Include="GeneratedFiles\Debug\moc_takequiz.cpp">
      <Filter>Generated Files\Debug</Filter>
    </ClCompile>
    <ClCompile Include="GeneratedFiles\Release\moc_takequiz.cpp">
      <Filter>Generated Files\Release</Filter>
    </ClCompile>
    <ClCompile Include="seenextquestion.cpp">
      <Filter>Source Files</Filter>
    </ClCompile>
    <ClCompile Include="GeneratedFiles\Debug\moc_seenextquestion.cpp">
      <Filter>Generated Files\Debug</Filter>
    </ClCompile>
    <ClCompile Include="GeneratedFiles\Release\moc_seenextquestion.cpp">
      <Filter>Generated Files\Release</Filter>
    </ClCompile>
    <ClCompile Include="Result.cpp">
      <Filter>Source Files</Filter>
    </ClCompile>
    <ClCompile Include="viewresult.cpp">
      <Filter>Source Files</Filter>
    </ClCompile>
    <ClCompile Include="GeneratedFiles\Debug\moc_viewresult.cpp">
      <Filter>Generated Files\Debug</Filter>
    </ClCompile>
    <ClCompile Include="GeneratedFiles\Release\moc_viewresult.cpp">
      <Filter>Generated Files\Release</Filter>
    </ClCompile>
    <ClCompile Include="detailedresult.cpp">
      <Filter>Source Files</Filter>
    </ClCompile>
    <ClCompile Include="GeneratedFiles\Debug\moc_detailedresult.cpp">
      <Filter>Generated Files\Debug</Filter>
    </ClCompile>
    <ClCompile Include="GeneratedFiles\Release\moc_detailedresult.cpp">
      <Filter>Generated Files\Release</Filter>
    </ClCompile>
    <ClCompile Include="viewpreviousresults.cpp">
      <Filter>Source Files</Filter>
    </ClCompile>
    <ClCompile Include="GeneratedFiles\Debug\moc_viewpreviousresults.cpp">
      <Filter>Generated Files\Debug</Filter>
    </ClCompile>
    <ClCompile Include="GeneratedFiles\Release\moc_viewpreviousresults.cpp">
      <Filter>Generated Files\Release</Filter>
    </ClCompile>
    <ClCompile Include="exercise.cpp">
      <Filter>Source Files</Filter>
    </ClCompile>
    <ClCompile Include="shortQuestion.cpp">
      <Filter>Source Files</Filter>
    </ClCompile>
    <ClCompile Include="chooseexercise.cpp">
      <Filter>Source Files</Filter>
    </ClCompile>
    <ClCompile Include="GeneratedFiles\Debug\moc_chooseexercise.cpp">
      <Filter>Generated Files\Debug</Filter>
    </ClCompile>
    <ClCompile Include="GeneratedFiles\Release\moc_chooseexercise.cpp">
      <Filter>Generated Files\Release</Filter>
    </ClCompile>
    <ClCompile Include="exerciseq.cpp">
      <Filter>Source Files</Filter>
    </ClCompile>
    <ClCompile Include="GeneratedFiles\Debug\moc_exerciseq.cpp">
      <Filter>Generated Files\Debug</Filter>
    </ClCompile>
    <ClCompile Include="GeneratedFiles\Release\moc_exerciseq.cpp">
      <Filter>Generated Files\Release</Filter>
    </ClCompile>
    <ClCompile Include="login.cpp">
      <Filter>Source Files</Filter>
    </ClCompile>
    <ClCompile Include="GeneratedFiles\Debug\moc_login.cpp">
      <Filter>Generated Files\Debug</Filter>
    </ClCompile>
    <ClCompile Include="GeneratedFiles\Release\moc_login.cpp">
      <Filter>Generated Files\Release</Filter>
    </ClCompile>
  </ItemGroup>
  <ItemGroup>
    <CustomBuild Include="lms.h">
      <Filter>Header Files</Filter>
    </CustomBuild>
    <CustomBuild Include="lms.ui">
      <Filter>Form Files</Filter>
    </CustomBuild>
    <CustomBuild Include="lms.qrc">
      <Filter>Resource Files</Filter>
    </CustomBuild>
    <CustomBuild Include="signup.h">
      <Filter>Header Files</Filter>
    </CustomBuild>
    <CustomBuild Include="signup.ui">
      <Filter>Form Files</Filter>
    </CustomBuild>
    <CustomBuild Include="studentprofile.h">
      <Filter>Header Files</Filter>
    </CustomBuild>
    <CustomBuild Include="studentprofile.ui">
      <Filter>Form Files</Filter>
    </CustomBuild>
    <CustomBuild Include="adminprofile.h">
      <Filter>Header Files</Filter>
    </CustomBuild>
    <CustomBuild Include="adminprofile.ui">
      <Filter>Form Files</Filter>
    </CustomBuild>
    <CustomBuild Include="teacherprofile.h">
      <Filter>Header Files</Filter>
    </CustomBuild>
    <CustomBuild Include="teacherprofile.ui">
      <Filter>Form Files</Filter>
    </CustomBuild>
    <CustomBuild Include="changepassword.h">
      <Filter>Header Files</Filter>
    </CustomBuild>
    <CustomBuild Include="changepassword.ui">
      <Filter>Form Files</Filter>
    </CustomBuild>
    <CustomBuild Include="editprofilen.h">
      <Filter>Header Files</Filter>
    </CustomBuild>
    <CustomBuild Include="editprofilen.ui">
      <Filter>Form Files</Filter>
    </CustomBuild>
    <CustomBuild Include="addteacher.h">
      <Filter>Header Files</Filter>
    </CustomBuild>
    <CustomBuild Include="addteacher.ui">
      <Filter>Form Files</Filter>
    </CustomBuild>
    <CustomBuild Include="viewteachers.h">
      <Filter>Header Files</Filter>
    </CustomBuild>
    <CustomBuild Include="viewteachers.ui">
      <Filter>Form Files</Filter>
    </CustomBuild>
    <CustomBuild Include="viewstudents.ui">
      <Filter>Form Files</Filter>
    </CustomBuild>
    <CustomBuild Include="viewstudents.h">
      <Filter>Header Files</Filter>
    </CustomBuild>
    <CustomBuild Include="addcourse.h">
      <Filter>Header Files</Filter>
    </CustomBuild>
    <CustomBuild Include="addcourse.ui">
      <Filter>Form Files</Filter>
    </CustomBuild>
    <CustomBuild Include="dropcourse.h">
      <Filter>Header Files</Filter>
    </CustomBuild>
    <CustomBuild Include="dropcourse.ui">
      <Filter>Form Files</Filter>
    </CustomBuild>
    <CustomBuild Include="selectcourse.h">
      <Filter>Header Files</Filter>
    </CustomBuild>
    <CustomBuild Include="selectcourse.ui">
      <Filter>Form Files</Filter>
    </CustomBuild>
    <CustomBuild Include="setteststart.h">
      <Filter>Header Files</Filter>
    </CustomBuild>
    <CustomBuild Include="setteststart.ui">
      <Filter>Form Files</Filter>
    </CustomBuild>
    <CustomBuild Include="nextquestion.h">
      <Filter>Header Files</Filter>
    </CustomBuild>
    <CustomBuild Include="nextquestion.ui">
      <Filter>Form Files</Filter>
    </CustomBuild>
    <CustomBuild Include="selecttest.h">
      <Filter>Header Files</Filter>
    </CustomBuild>
    <CustomBuild Include="selecttest.ui">
      <Filter>Form Files</Filter>
    </CustomBuild>
    <CustomBuild Include="addquestion.h">
      <Filter>Header Files</Filter>
    </CustomBuild>
    <CustomBuild Include="addquestion.ui">
      <Filter>Form Files</Filter>
    </CustomBuild>
    <CustomBuild Include="edittest.h">
      <Filter>Header Files</Filter>
    </CustomBuild>
    <CustomBuild Include="edittest.ui">
      <Filter>Form Files</Filter>
    </CustomBuild>
    <CustomBuild Include="editnextquestion.h">
      <Filter>Header Files</Filter>
    </CustomBuild>
    <CustomBuild Include="editnextquestion.ui">
      <Filter>Form Files</Filter>
    </CustomBuild>
    <CustomBuild Include="takequiz.h">
      <Filter>Header Files</Filter>
    </CustomBuild>
    <CustomBuild Include="takequiz.ui">
      <Filter>Form Files</Filter>
    </CustomBuild>
    <CustomBuild Include="seenextquestion.h">
      <Filter>Header Files</Filter>
    </CustomBuild>
    <CustomBuild Include="seenextquestion.ui">
      <Filter>Form Files</Filter>
    </CustomBuild>
    <CustomBuild Include="viewresult.h">
      <Filter>Header Files</Filter>
    </CustomBuild>
    <CustomBuild Include="viewresult.ui">
      <Filter>Form Files</Filter>
    </CustomBuild>
    <CustomBuild Include="detailedresult.h">
      <Filter>Header Files</Filter>
    </CustomBuild>
    <CustomBuild Include="detailedresult.ui">
      <Filter>Form Files</Filter>
    </CustomBuild>
    <CustomBuild Include="viewpreviousresults.h">
      <Filter>Header Files</Filter>
    </CustomBuild>
    <CustomBuild Include="viewpreviousresults.ui">
      <Filter>Form Files</Filter>
    </CustomBuild>
    <CustomBuild Include="chooseexercise.h">
      <Filter>Header Files</Filter>
    </CustomBuild>
    <CustomBuild Include="chooseexercise.ui">
      <Filter>Form Files</Filter>
    </CustomBuild>
    <CustomBuild Include="exerciseq.h">
      <Filter>Header Files</Filter>
    </CustomBuild>
    <CustomBuild Include="exerciseq.ui">
      <Filter>Form Files</Filter>
    </CustomBuild>
    <CustomBuild Include="login.h">
      <Filter>Header Files</Filter>
    </CustomBuild>
    <CustomBuild Include="login.ui">
      <Filter>Form Files</Filter>
    </CustomBuild>
  </ItemGroup>
  <ItemGroup>
    <ClInclude Include="GeneratedFiles\ui_lms.h">
      <Filter>Generated Files</Filter>
    </ClInclude>
    <ClInclude Include="GeneratedFiles\ui_signup.h">
      <Filter>Generated Files</Filter>
    </ClInclude>
    <ClInclude Include="Person.h">
      <Filter>Header Files</Filter>
    </ClInclude>
    <ClInclude Include="Admin.h">
      <Filter>Header Files</Filter>
    </ClInclude>
    <ClInclude Include="Teacher.h">
      <Filter>Header Files</Filter>
    </ClInclude>
    <ClInclude Include="Student.h">
      <Filter>Header Files</Filter>
    </ClInclude>
    <ClInclude Include="DAL.h">
      <Filter>Header Files</Filter>
    </ClInclude>
    <ClInclude Include="LMSsystem.h">
      <Filter>Header Files</Filter>
    </ClInclude>
    <ClInclude Include="GeneratedFiles\ui_studentprofile.h">
      <Filter>Generated Files</Filter>
    </ClInclude>
    <ClInclude Include="GeneratedFiles\ui_adminprofile.h">
      <Filter>Generated Files</Filter>
    </ClInclude>
    <ClInclude Include="GeneratedFiles\ui_teacherprofile.h">
      <Filter>Generated Files</Filter>
    </ClInclude>
    <ClInclude Include="GeneratedFiles\ui_changepassword.h">
      <Filter>Generated Files</Filter>
    </ClInclude>
    <ClInclude Include="GeneratedFiles\ui_editprofilen.h">
      <Filter>Generated Files</Filter>
    </ClInclude>
    <ClInclude Include="GeneratedFiles\ui_addteacher.h">
      <Filter>Generated Files</Filter>
    </ClInclude>
    <ClInclude Include="GeneratedFiles\ui_viewteachers.h">
      <Filter>Generated Files</Filter>
    </ClInclude>
    <ClInclude Include="GeneratedFiles\ui_viewstudents.h">
      <Filter>Generated Files</Filter>
    </ClInclude>
    <ClInclude Include="question.h">
      <Filter>Header Files</Filter>
    </ClInclude>
    <ClInclude Include="answer.h">
      <Filter>Header Files</Filter>
    </ClInclude>
    <ClInclude Include="test.h">
      <Filter>Header Files</Filter>
    </ClInclude>
    <ClInclude Include="course.h">
      <Filter>Header Files</Filter>
    </ClInclude>
    <ClInclude Include="GeneratedFiles\ui_addcourse.h">
      <Filter>Generated Files</Filter>
    </ClInclude>
    <ClInclude Include="GeneratedFiles\ui_dropcourse.h">
      <Filter>Generated Files</Filter>
    </ClInclude>
    <ClInclude Include="GeneratedFiles\ui_selectcourse.h">
      <Filter>Generated Files</Filter>
    </ClInclude>
    <ClInclude Include="GeneratedFiles\ui_setteststart.h">
      <Filter>Generated Files</Filter>
    </ClInclude>
    <ClInclude Include="GeneratedFiles\ui_nextquestion.h">
      <Filter>Generated Files</Filter>
    </ClInclude>
    <ClInclude Include="GeneratedFiles\ui_selecttest.h">
      <Filter>Generated Files</Filter>
    </ClInclude>
    <ClInclude Include="GeneratedFiles\ui_addquestion.h">
      <Filter>Generated Files</Filter>
    </ClInclude>
    <ClInclude Include="GeneratedFiles\ui_edittest.h">
      <Filter>Generated Files</Filter>
    </ClInclude>
    <ClInclude Include="GeneratedFiles\ui_editnextquestion.h">
      <Filter>Generated Files</Filter>
    </ClInclude>
    <ClInclude Include="GeneratedFiles\ui_takequiz.h">
      <Filter>Generated Files</Filter>
    </ClInclude>
    <ClInclude Include="GeneratedFiles\ui_seenextquestion.h">
      <Filter>Generated Files</Filter>
    </ClInclude>
    <ClInclude Include="Result.h">
      <Filter>Header Files</Filter>
    </ClInclude>
    <ClInclude Include="GeneratedFiles\ui_viewresult.h">
      <Filter>Generated Files</Filter>
    </ClInclude>
    <ClInclude Include="GeneratedFiles\ui_detailedresult.h">
      <Filter>Generated Files</Filter>
    </ClInclude>
    <ClInclude Include="GeneratedFiles\ui_viewpreviousresults.h">
      <Filter>Generated Files</Filter>
    </ClInclude>
    <ClInclude Include="exercise.h">
      <Filter>Header Files</Filter>
    </ClInclude>
    <ClInclude Include="shortQuestion.h">
      <Filter>Header Files</Filter>
    </ClInclude>
    <ClInclude Include="GeneratedFiles\ui_chooseexercise.h">
      <Filter>Generated Files</Filter>
    </ClInclude>
    <ClInclude Include="GeneratedFiles\ui_exerciseq.h">
      <Filter>Generated Files</Filter>
    </ClInclude>
    <ClInclude Include="GeneratedFiles\ui_login.h">
      <Filter>Generated Files</Filter>
    </ClInclude>
  </ItemGroup>
</Project>